
Microsoft Visual Studio Solution File, Format Version 12.00
# Visual Studio Version 17
VisualStudioVersion = 17.4.33205.214
MinimumVisualStudioVersion = 10.0.40219.1
Project("{9A19103F-16F7-4668-BE54-9A1E7A4F7556}") = "FeedbackEditor", "FeedbackEditor\FeedbackEditor.csproj", "{C6183AE1-04DC-4D1A-AFD2-1AC3E171C5BA}"
EndProject
Project("{FAE04EC0-301F-11D3-BF4B-00C04F79EFBC}") = "Timelines", "WPF-Timelines\Timelines\Timelines.csproj", "{81D20FC4-FC5C-4B1B-A46A-48C5DF138EF9}"
EndProject
Global
	GlobalSection(SolutionConfigurationPlatforms) = preSolution
		Debug|Any CPU = Debug|Any CPU
		Release|Any CPU = Release|Any CPU
	EndGlobalSection
	GlobalSection(ProjectConfigurationPlatforms) = postSolution
		{C6183AE1-04DC-4D1A-AFD2-1AC3E171C5BA}.Debug|Any CPU.ActiveCfg = Debug|Any CPU
		{C6183AE1-04DC-4D1A-AFD2-1AC3E171C5BA}.Debug|Any CPU.Build.0 = Debug|Any CPU
		{C6183AE1-04DC-4D1A-AFD2-1AC3E171C5BA}.Release|Any CPU.ActiveCfg = Release|Any CPU
		{C6183AE1-04DC-4D1A-AFD2-1AC3E171C5BA}.Release|Any CPU.Build.0 = Release|Any CPU
		{81D20FC4-FC5C-4B1B-A46A-48C5DF138EF9}.Debug|Any CPU.ActiveCfg = Debug|Any CPU
		{81D20FC4-FC5C-4B1B-A46A-48C5DF138EF9}.Debug|Any CPU.Build.0 = Debug|Any CPU
		{81D20FC4-FC5C-4B1B-A46A-48C5DF138EF9}.Release|Any CPU.ActiveCfg = Release|Any CPU
		{81D20FC4-FC5C-4B1B-A46A-48C5DF138EF9}.Release|Any CPU.Build.0 = Release|Any CPU
	EndGlobalSection
	GlobalSection(SolutionProperties) = preSolution
		HideSolutionNode = FALSE
	EndGlobalSection
	GlobalSection(ExtensibilityGlobals) = postSolution
		SolutionGuid = {E68F126E-5D3D-412B-929A-2D281552F0EE}
	EndGlobalSection
EndGlobal
